
Microsoft Visual Studio Solution File, Format Version 12.00
# Visual Studio Version 17
VisualStudioVersion = 17.8.34511.84
MinimumVisualStudioVersion = 10.0.40219.1
Project("{FAE04EC0-301F-11D3-BF4B-00C04F79EFBC}") = "Calculadora", "Calculadora\Calculadora.csproj", "{B78DE8C4-CF36-47ED-A5B8-327D6A23E904}"
EndProject
Global
	GlobalSection(SolutionConfigurationPlatforms) = preSolution
		Debug|Any CPU = Debug|Any CPU
		Release|Any CPU = Release|Any CPU
	EndGlobalSection
	GlobalSection(ProjectConfigurationPlatforms) = postSolution
		{B78DE8C4-CF36-47ED-A5B8-327D6A23E904}.Debug|Any CPU.ActiveCfg = Debug|Any CPU
		{B78DE8C4-CF36-47ED-A5B8-327D6A23E904}.Debug|Any CPU.Build.0 = Debug|Any CPU
		{B78DE8C4-CF36-47ED-A5B8-327D6A23E904}.Release|Any CPU.ActiveCfg = Release|Any CPU
		{B78DE8C4-CF36-47ED-A5B8-327D6A23E904}.Release|Any CPU.Build.0 = Release|Any CPU
	EndGlobalSection
	GlobalSection(SolutionProperties) = preSolution
		HideSolutionNode = FALSE
	EndGlobalSection
	GlobalSection(ExtensibilityGlobals) = postSolution
		SolutionGuid = {3A27D09C-94BA-43D3-93D2-41D6D4E304DD}
	EndGlobalSection
EndGlobal
